// !$*UTF8*$!
{
	archiveVersion = 1;
	classes = {
	};
	objectVersion = 50;
	objects = {

/* Begin PBXBuildFile section */
		A75B065321D6E8D70006FFF6 /* AppDelegate.swift in Sources */ = {isa = PBXBuildFile; fileRef = A75B065221D6E8D70006FFF6 /* AppDelegate.swift */; };
		A75B065821D6E8D70006FFF6 /* Main.storyboard in Resources */ = {isa = PBXBuildFile; fileRef = A75B065621D6E8D70006FFF6 /* Main.storyboard */; };
		A75B065A21D6E8D80006FFF6 /* Assets.xcassets in Resources */ = {isa = PBXBuildFile; fileRef = A75B065921D6E8D80006FFF6 /* Assets.xcassets */; };
		A75B065D21D6E8D80006FFF6 /* LaunchScreen.storyboard in Resources */ = {isa = PBXBuildFile; fileRef = A75B065B21D6E8D80006FFF6 /* LaunchScreen.storyboard */; };
		A75B066521D6EA6A0006FFF6 /* PokemonTypes.swift in Sources */ = {isa = PBXBuildFile; fileRef = A75B066421D6EA6A0006FFF6 /* PokemonTypes.swift */; };
		A75B066721D70B6D0006FFF6 /* SearchViewTableViewController.swift in Sources */ = {isa = PBXBuildFile; fileRef = A75B066621D70B6D0006FFF6 /* SearchViewTableViewController.swift */; };
		A75B066921D710570006FFF6 /* DetailViewController.swift in Sources */ = {isa = PBXBuildFile; fileRef = A75B066821D710570006FFF6 /* DetailViewController.swift */; };
		A75B066B21D82FD60006FFF6 /* pokemonSearchBar.swift in Sources */ = {isa = PBXBuildFile; fileRef = A75B066A21D82FD60006FFF6 /* pokemonSearchBar.swift */; };
/* End PBXBuildFile section */

/* Begin PBXFileReference section */
		A75B064F21D6E8D70006FFF6 /* PokemonHelp.app */ = {isa = PBXFileReference; explicitFileType = wrapper.application; includeInIndex = 0; path = PokemonHelp.app; sourceTree = BUILT_PRODUCTS_DIR; };
		A75B065221D6E8D70006FFF6 /* AppDelegate.swift */ = {isa = PBXFileReference; lastKnownFileType = sourcecode.swift; path = AppDelegate.swift; sourceTree = "<group>"; };
		A75B065721D6E8D70006FFF6 /* Base */ = {isa = PBXFileReference; lastKnownFileType = file.storyboard; name = Base; path = Base.lproj/Main.storyboard; sourceTree = "<group>"; };
		A75B065921D6E8D80006FFF6 /* Assets.xcassets */ = {isa = PBXFileReference; lastKnownFileType = folder.assetcatalog; path = Assets.xcassets; sourceTree = "<group>"; };
		A75B065C21D6E8D80006FFF6 /* Base */ = {isa = PBXFileReference; lastKnownFileType = file.storyboard; name = Base; path = Base.lproj/LaunchScreen.storyboard; sourceTree = "<group>"; };
		A75B065E21D6E8D80006FFF6 /* Info.plist */ = {isa = PBXFileReference; lastKnownFileType = text.plist.xml; path = Info.plist; sourceTree = "<group>"; };
		A75B066421D6EA6A0006FFF6 /* PokemonTypes.swift */ = {isa = PBXFileReference; lastKnownFileType = sourcecode.swift; path = PokemonTypes.swift; sourceTree = "<group>"; };
		A75B066621D70B6D0006FFF6 /* SearchViewTableViewController.swift */ = {isa = PBXFileReference; lastKnownFileType = sourcecode.swift; path = SearchViewTableViewController.swift; sourceTree = "<group>"; };
		A75B066821D710570006FFF6 /* DetailViewController.swift */ = {isa = PBXFileReference; lastKnownFileType = sourcecode.swift; path = DetailViewController.swift; sourceTree = "<group>"; };
		A75B066A21D82FD60006FFF6 /* pokemonSearchBar.swift */ = {isa = PBXFileReference; lastKnownFileType = sourcecode.swift; path = pokemonSearchBar.swift; sourceTree = "<group>"; };
/* End PBXFileReference section */

/* Begin PBXFrameworksBuildPhase section */
		A75B064C21D6E8D70006FFF6 /* Frameworks */ = {
			isa = PBXFrameworksBuildPhase;
			buildActionMask = 2147483647;
			files = (
			);
			runOnlyForDeploymentPostprocessing = 0;
		};
/* End PBXFrameworksBuildPhase section */

/* Begin PBXGroup section */
		A75B064621D6E8D70006FFF6 = {
			isa = PBXGroup;
			children = (
				A75B065121D6E8D70006FFF6 /* PokemonHelp */,
				A75B065021D6E8D70006FFF6 /* Products */,
			);
			sourceTree = "<group>";
		};
		A75B065021D6E8D70006FFF6 /* Products */ = {
			isa = PBXGroup;
			children = (
				A75B064F21D6E8D70006FFF6 /* PokemonHelp.app */,
			);
			name = Products;
			sourceTree = "<group>";
		};
		A75B065121D6E8D70006FFF6 /* PokemonHelp */ = {
			isa = PBXGroup;
			children = (
				A75B066621D70B6D0006FFF6 /* SearchViewTableViewController.swift */,
				A75B066821D710570006FFF6 /* DetailViewController.swift */,
				A75B065221D6E8D70006FFF6 /* AppDelegate.swift */,
				A75B065621D6E8D70006FFF6 /* Main.storyboard */,
				A75B066A21D82FD60006FFF6 /* pokemonSearchBar.swift */,
				A75B065921D6E8D80006FFF6 /* Assets.xcassets */,
				A75B065B21D6E8D80006FFF6 /* LaunchScreen.storyboard */,
				A75B065E21D6E8D80006FFF6 /* Info.plist */,
				A75B066421D6EA6A0006FFF6 /* PokemonTypes.swift */,
			);
			path = PokemonHelp;
			sourceTree = "<group>";
		};
/* End PBXGroup section */

/* Begin PBXNativeTarget section */
		A75B064E21D6E8D70006FFF6 /* PokemonHelp */ = {
			isa = PBXNativeTarget;
			buildConfigurationList = A75B066121D6E8D80006FFF6 /* Build configuration list for PBXNativeTarget "PokemonHelp" */;
			buildPhases = (
				A75B064B21D6E8D70006FFF6 /* Sources */,
				A75B064C21D6E8D70006FFF6 /* Frameworks */,
				A75B064D21D6E8D70006FFF6 /* Resources */,
			);
			buildRules = (
			);
			dependencies = (
			);
			name = PokemonHelp;
			productName = PokemonHelp;
			productReference = A75B064F21D6E8D70006FFF6 /* PokemonHelp.app */;
			productType = "com.apple.product-type.application";
		};
/* End PBXNativeTarget section */

/* Begin PBXProject section */
		A75B064721D6E8D70006FFF6 /* Project object */ = {
			isa = PBXProject;
			attributes = {
				LastSwiftUpdateCheck = 1010;
				LastUpgradeCheck = 1010;
				ORGANIZATIONNAME = "Smith, Sam";
				TargetAttributes = {
					A75B064E21D6E8D70006FFF6 = {
						CreatedOnToolsVersion = 10.1;
					};
				};
			};
			buildConfigurationList = A75B064A21D6E8D70006FFF6 /* Build configuration list for PBXProject "PokemonHelp" */;
			compatibilityVersion = "Xcode 9.3";
			developmentRegion = en;
			hasScannedForEncodings = 0;
			knownRegions = (
				en,
				Base,
			);
			mainGroup = A75B064621D6E8D70006FFF6;
			productRefGroup = A75B065021D6E8D70006FFF6 /* Products */;
			projectDirPath = "";
			projectRoot = "";
			targets = (
				A75B064E21D6E8D70006FFF6 /* PokemonHelp */,
			);
		};
/* End PBXProject section */

/* Begin PBXResourcesBuildPhase section */
		A75B064D21D6E8D70006FFF6 /* Resources */ = {
			isa = PBXResourcesBuildPhase;
			buildActionMask = 2147483647;
			files = (
				A75B065D21D6E8D80006FFF6 /* LaunchScreen.storyboard in Resources */,
				A75B065A21D6E8D80006FFF6 /* Assets.xcassets in Resources */,
				A75B065821D6E8D70006FFF6 /* Main.storyboard in Resources */,
			);
			runOnlyForDeploymentPostprocessing = 0;
		};
/* End PBXResourcesBuildPhase section */

/* Begin PBXSourcesBuildPhase section */
		A75B064B21D6E8D70006FFF6 /* Sources */ = {
			isa = PBXSourcesBuildPhase;
			buildActionMask = 2147483647;
			files = (
				A75B066521D6EA6A0006FFF6 /* PokemonTypes.swift in Sources */,
				A75B065321D6E8D70006FFF6 /* AppDelegate.swift in Sources */,
				A75B066721D70B6D0006FFF6 /* SearchViewTableViewController.swift in Sources */,
				A75B066B21D82FD60006FFF6 /* pokemonSearchBar.swift in Sources */,
				A75B066921D710570006FFF6 /* DetailViewController.swift in Sources */,
			);
			runOnlyForDeploymentPostprocessing = 0;
		};
/* End PBXSourcesBuildPhase section */

/* Begin PBXVariantGroup section */
		A75B065621D6E8D70006FFF6 /* Main.storyboard */ = {
			isa = PBXVariantGroup;
			children = (
				A75B065721D6E8D70006FFF6 /* Base */,
			);
			name = Main.storyboard;
			sourceTree = "<group>";
		};
		A75B065B21D6E8D80006FFF6 /* LaunchScreen.storyboard */ = {
			isa = PBXVariantGroup;
			children = (
				A75B065C21D6E8D80006FFF6 /* Base */,
			);
			name = LaunchScreen.storyboard;
			sourceTree = "<group>";
		};
/* End PBXVariantGroup section */

/* Begin XCBuildConfiguration section */
		A75B065F21D6E8D80006FFF6 /* Debug */ = {
			isa = XCBuildConfiguration;
			buildSettings = {
				ALWAYS_SEARCH_USER_PATHS = NO;
				CLANG_ANALYZER_NONNULL = YES;
				CLANG_ANALYZER_NUMBER_OBJECT_CONVERSION = YES_AGGRESSIVE;
				CLANG_CXX_LANGUAGE_STANDARD = "gnu++14";
				CLANG_CXX_LIBRARY = "libc++";
				CLANG_ENABLE_MODULES = YES;
				CLANG_ENABLE_OBJC_ARC = YES;
				CLANG_ENABLE_OBJC_WEAK = YES;
				CLANG_WARN_BLOCK_CAPTURE_AUTORELEASING = YES;
				CLANG_WARN_BOOL_CONVERSION = YES;
				CLANG_WARN_COMMA = YES;
				CLANG_WARN_CONSTANT_CONVERSION = YES;
				CLANG_WARN_DEPRECATED_OBJC_IMPLEMENTATIONS = YES;
				CLANG_WARN_DIRECT_OBJC_ISA_USAGE = YES_ERROR;
				CLANG_WARN_DOCUMENTATION_COMMENTS = YES;
				CLANG_WARN_EMPTY_BODY = YES;
				CLANG_WARN_ENUM_CONVERSION = YES;
				CLANG_WARN_INFINITE_RECURSION = YES;
				CLANG_WARN_INT_CONVERSION = YES;
				CLANG_WARN_NON_LITERAL_NULL_CONVERSION = YES;
				CLANG_WARN_OBJC_IMPLICIT_RETAIN_SELF = YES;
				CLANG_WARN_OBJC_LITERAL_CONVERSION = YES;
				CLANG_WARN_OBJC_ROOT_CLASS = YES_ERROR;
				CLANG_WARN_RANGE_LOOP_ANALYSIS = YES;
				CLANG_WARN_STRICT_PROTOTYPES = YES;
				CLANG_WARN_SUSPICIOUS_MOVE = YES;
				CLANG_WARN_UNGUARDED_AVAILABILITY = YES_AGGRESSIVE;
				CLANG_WARN_UNREACHABLE_CODE = YES;
				CLANG_WARN__DUPLICATE_METHOD_MATCH = YES;
				CODE_SIGN_IDENTITY = "iPhone Developer";
				COPY_PHASE_STRIP = NO;
				DEBUG_INFORMATION_FORMAT = dwarf;
				ENABLE_STRICT_OBJC_MSGSEND = YES;
				ENABLE_TESTABILITY = YES;
				GCC_C_LANGUAGE_STANDARD = gnu11;
				GCC_DYNAMIC_NO_PIC = NO;
				GCC_NO_COMMON_BLOCKS = YES;
				GCC_OPTIMIZATION_LEVEL = 0;
				GCC_PREPROCESSOR_DEFINITIONS = (
					"DEBUG=1",
					"$(inherited)",
				);
				GCC_WARN_64_TO_32_BIT_CONVERSION = YES;
				GCC_WARN_ABOUT_RETURN_TYPE = YES_ERROR;
				GCC_WARN_UNDECLARED_SELECTOR = YES;
				GCC_WARN_UNINITIALIZED_AUTOS = YES_AGGRESSIVE;
				GCC_WARN_UNUSED_FUNCTION = YES;
				GCC_WARN_UNUSED_VARIABLE = YES;
				IPHONEOS_DEPLOYMENT_TARGET = 12.1;
				MTL_ENABLE_DEBUG_INFO = INCLUDE_SOURCE;
				MTL_FAST_MATH = YES;
				ONLY_ACTIVE_ARCH = YES;
				SDKROOT = iphoneos;
				SWIFT_ACTIVE_COMPILATION_CONDITIONS = DEBUG;
				SWIFT_OPTIMIZATION_LEVEL = "-Onone";
			};
			name = Debug;
		};
		A75B066021D6E8D80006FFF6 /* Release */ = {
			isa = XCBuildConfiguration;
			buildSettings = {
				ALWAYS_SEARCH_USER_PATHS = NO;
				CLANG_ANALYZER_NONNULL = YES;
				CLANG_ANALYZER_NUMBER_OBJECT_CONVERSION = YES_AGGRESSIVE;
				CLANG_CXX_LANGUAGE_STANDARD = "gnu++14";
				CLANG_CXX_LIBRARY = "libc++";
				CLANG_ENABLE_MODULES = YES;
				CLANG_ENABLE_OBJC_ARC = YES;
				CLANG_ENABLE_OBJC_WEAK = YES;
				CLANG_WARN_BLOCK_CAPTURE_AUTORELEASING = YES;
				CLANG_WARN_BOOL_CONVERSION = YES;
				CLANG_WARN_COMMA = YES;
				CLANG_WARN_CONSTANT_CONVERSION = YES;
				CLANG_WARN_DEPRECATED_OBJC_IMPLEMENTATIONS = YES;
				CLANG_WARN_DIRECT_OBJC_ISA_USAGE = YES_ERROR;
				CLANG_WARN_DOCUMENTATION_COMMENTS = YES;
				CLANG_WARN_EMPTY_BODY = YES;
				CLANG_WARN_ENUM_CONVERSION = YES;
				CLANG_WARN_INFINITE_RECURSION = YES;
				CLANG_WARN_INT_CONVERSION = YES;
				CLANG_WARN_NON_LITERAL_NULL_CONVERSION = YES;
				CLANG_WARN_OBJC_IMPLICIT_RETAIN_SELF = YES;
				CLANG_WARN_OBJC_LITERAL_CONVERSION = YES;
				CLANG_WARN_OBJC_ROOT_CLASS = YES_ERROR;
				CLANG_WARN_RANGE_LOOP_ANALYSIS = YES;
				CLANG_WARN_STRICT_PROTOTYPES = YES;
				CLANG_WARN_SUSPICIOUS_MOVE = YES;
				CLANG_WARN_UNGUARDED_AVAILABILITY = YES_AGGRESSIVE;
				CLANG_WARN_UNREACHABLE_CODE = YES;
				CLANG_WARN__DUPLICATE_METHOD_MATCH = YES;
				CODE_SIGN_IDENTITY = "iPhone Developer";
				COPY_PHASE_STRIP = NO;
				DEBUG_INFORMATION_FORMAT = "dwarf-with-dsym";
				ENABLE_NS_ASSERTIONS = NO;
				ENABLE_STRICT_OBJC_MSGSEND = YES;
				GCC_C_LANGUAGE_STANDARD = gnu11;
				GCC_NO_COMMON_BLOCKS = YES;
				GCC_WARN_64_TO_32_BIT_CONVERSION = YES;
				GCC_WARN_ABOUT_RETURN_TYPE = YES_ERROR;
				GCC_WARN_UNDECLARED_SELECTOR = YES;
				GCC_WARN_UNINITIALIZED_AUTOS = YES_AGGRESSIVE;
				GCC_WARN_UNUSED_FUNCTION = YES;
				GCC_WARN_UNUSED_VARIABLE = YES;
				IPHONEOS_DEPLOYMENT_TARGET = 12.1;
				MTL_ENABLE_DEBUG_INFO = NO;
				MTL_FAST_MATH = YES;
				SDKROOT = iphoneos;
				SWIFT_COMPILATION_MODE = wholemodule;
				SWIFT_OPTIMIZATION_LEVEL = "-O";
				VALIDATE_PRODUCT = YES;
			};
			name = Release;
		};
		A75B066221D6E8D80006FFF6 /* Debug */ = {
			isa = XCBuildConfiguration;
			buildSettings = {
				ASSETCATALOG_COMPILER_APPICON_NAME = AppIcon;
				CODE_SIGN_STYLE = Automatic;
				DEVELOPMENT_TEAM = 36TX7N82LL;
				INFOPLIST_FILE = PokemonHelp/Info.plist;
				LD_RUNPATH_SEARCH_PATHS = (
					"$(inherited)",
					"@executable_path/Frameworks",
				);
				PRODUCT_BUNDLE_IDENTIFIER = tech.samuelsmith.PokemonHelp;
				PRODUCT_NAME = "$(TARGET_NAME)";
				SWIFT_VERSION = 4.2;
				TARGETED_DEVICE_FAMILY = "1,2";
			};
			name = Debug;
		};
		A75B066321D6E8D80006FFF6 /* Release */ = {
			isa = XCBuildConfiguration;
			buildSettings = {
				ASSETCATALOG_COMPILER_APPICON_NAME = AppIcon;
				CODE_SIGN_STYLE = Automatic;
				DEVELOPMENT_TEAM = 36TX7N82LL;
				INFOPLIST_FILE = PokemonHelp/Info.plist;
				LD_RUNPATH_SEARCH_PATHS = (
					"$(inherited)",
					"@executable_path/Frameworks",
				);
				PRODUCT_BUNDLE_IDENTIFIER = tech.samuelsmith.PokemonHelp;
				PRODUCT_NAME = "$(TARGET_NAME)";
				SWIFT_VERSION = 4.2;
				TARGETED_DEVICE_FAMILY = "1,2";
			};
			name = Release;
		};
/* End XCBuildConfiguration section */

/* Begin XCConfigurationList section */
		A75B064A21D6E8D70006FFF6 /* Build configuration list for PBXProject "PokemonHelp" */ = {
			isa = XCConfigurationList;
			buildConfigurations = (
				A75B065F21D6E8D80006FFF6 /* Debug */,
				A75B066021D6E8D80006FFF6 /* Release */,
			);
			defaultConfigurationIsVisible = 0;
			defaultConfigurationName = Release;
		};
		A75B066121D6E8D80006FFF6 /* Build configuration list for PBXNativeTarget "PokemonHelp" */ = {
			isa = XCConfigurationList;
			buildConfigurations = (
				A75B066221D6E8D80006FFF6 /* Debug */,
				A75B066321D6E8D80006FFF6 /* Release */,
			);
			defaultConfigurationIsVisible = 0;
			defaultConfigurationName = Release;
		};
/* End XCConfigurationList section */
	};
	rootObject = A75B064721D6E8D70006FFF6 /* Project object */;
}
