// !$*UTF8*$!
{
	archiveVersion = 1;
	classes = {
	};
	objectVersion = 50;
	objects = {

/* Begin PBXBuildFile section */
		A7BCDB9921C9443500E49EEA /* AppDelegate.swift in Sources */ = {isa = PBXBuildFile; fileRef = A7BCDB9821C9443500E49EEA /* AppDelegate.swift */; };
		A7BCDB9E21C9443500E49EEA /* Main.storyboard in Resources */ = {isa = PBXBuildFile; fileRef = A7BCDB9C21C9443500E49EEA /* Main.storyboard */; };
		A7BCDBA021C9443600E49EEA /* Assets.xcassets in Resources */ = {isa = PBXBuildFile; fileRef = A7BCDB9F21C9443600E49EEA /* Assets.xcassets */; };
		A7BCDBA321C9443600E49EEA /* LaunchScreen.storyboard in Resources */ = {isa = PBXBuildFile; fileRef = A7BCDBA121C9443600E49EEA /* LaunchScreen.storyboard */; };
		A7BCDBAB21C9447200E49EEA /* Emoji.swift in Sources */ = {isa = PBXBuildFile; fileRef = A7BCDBAA21C9447200E49EEA /* Emoji.swift */; };
		A7BCDBAF21C948C100E49EEA /* EmojiTableTableViewController.swift in Sources */ = {isa = PBXBuildFile; fileRef = A7BCDBAE21C948C100E49EEA /* EmojiTableTableViewController.swift */; };
		A7BCDBB121C9738500E49EEA /* EmojiTableViewCell.swift in Sources */ = {isa = PBXBuildFile; fileRef = A7BCDBB021C9738500E49EEA /* EmojiTableViewCell.swift */; };
		A7BCDBB321C97EBA00E49EEA /* AddEditEmojiTableViewController.swift in Sources */ = {isa = PBXBuildFile; fileRef = A7BCDBB221C97EBA00E49EEA /* AddEditEmojiTableViewController.swift */; };
/* End PBXBuildFile section */

/* Begin PBXFileReference section */
		A7BCDB9521C9443500E49EEA /* EmojiDictionary.app */ = {isa = PBXFileReference; explicitFileType = wrapper.application; includeInIndex = 0; path = EmojiDictionary.app; sourceTree = BUILT_PRODUCTS_DIR; };
		A7BCDB9821C9443500E49EEA /* AppDelegate.swift */ = {isa = PBXFileReference; lastKnownFileType = sourcecode.swift; path = AppDelegate.swift; sourceTree = "<group>"; };
		A7BCDB9D21C9443500E49EEA /* Base */ = {isa = PBXFileReference; lastKnownFileType = file.storyboard; name = Base; path = Base.lproj/Main.storyboard; sourceTree = "<group>"; };
		A7BCDB9F21C9443600E49EEA /* Assets.xcassets */ = {isa = PBXFileReference; lastKnownFileType = folder.assetcatalog; path = Assets.xcassets; sourceTree = "<group>"; };
		A7BCDBA221C9443600E49EEA /* Base */ = {isa = PBXFileReference; lastKnownFileType = file.storyboard; name = Base; path = Base.lproj/LaunchScreen.storyboard; sourceTree = "<group>"; };
		A7BCDBA421C9443600E49EEA /* Info.plist */ = {isa = PBXFileReference; lastKnownFileType = text.plist.xml; path = Info.plist; sourceTree = "<group>"; };
		A7BCDBAA21C9447200E49EEA /* Emoji.swift */ = {isa = PBXFileReference; lastKnownFileType = sourcecode.swift; path = Emoji.swift; sourceTree = "<group>"; };
		A7BCDBAE21C948C100E49EEA /* EmojiTableTableViewController.swift */ = {isa = PBXFileReference; lastKnownFileType = sourcecode.swift; path = EmojiTableTableViewController.swift; sourceTree = "<group>"; };
		A7BCDBB021C9738500E49EEA /* EmojiTableViewCell.swift */ = {isa = PBXFileReference; lastKnownFileType = sourcecode.swift; path = EmojiTableViewCell.swift; sourceTree = "<group>"; };
		A7BCDBB221C97EBA00E49EEA /* AddEditEmojiTableViewController.swift */ = {isa = PBXFileReference; lastKnownFileType = sourcecode.swift; path = AddEditEmojiTableViewController.swift; sourceTree = "<group>"; };
/* End PBXFileReference section */

/* Begin PBXFrameworksBuildPhase section */
		A7BCDB9221C9443500E49EEA /* Frameworks */ = {
			isa = PBXFrameworksBuildPhase;
			buildActionMask = 2147483647;
			files = (
			);
			runOnlyForDeploymentPostprocessing = 0;
		};
/* End PBXFrameworksBuildPhase section */

/* Begin PBXGroup section */
		A7BCDB8C21C9443500E49EEA = {
			isa = PBXGroup;
			children = (
				A7BCDB9721C9443500E49EEA /* EmojiDictionary */,
				A7BCDB9621C9443500E49EEA /* Products */,
			);
			sourceTree = "<group>";
		};
		A7BCDB9621C9443500E49EEA /* Products */ = {
			isa = PBXGroup;
			children = (
				A7BCDB9521C9443500E49EEA /* EmojiDictionary.app */,
			);
			name = Products;
			sourceTree = "<group>";
		};
		A7BCDB9721C9443500E49EEA /* EmojiDictionary */ = {
			isa = PBXGroup;
			children = (
				A7BCDBB421C97EC100E49EEA /* View Controllers */,
				A7BCDB9821C9443500E49EEA /* AppDelegate.swift */,
				A7BCDB9C21C9443500E49EEA /* Main.storyboard */,
				A7BCDBB021C9738500E49EEA /* EmojiTableViewCell.swift */,
				A7BCDBAA21C9447200E49EEA /* Emoji.swift */,
				A7BCDB9F21C9443600E49EEA /* Assets.xcassets */,
				A7BCDBA121C9443600E49EEA /* LaunchScreen.storyboard */,
				A7BCDBA421C9443600E49EEA /* Info.plist */,
			);
			path = EmojiDictionary;
			sourceTree = "<group>";
		};
		A7BCDBB421C97EC100E49EEA /* View Controllers */ = {
			isa = PBXGroup;
			children = (
				A7BCDBAE21C948C100E49EEA /* EmojiTableTableViewController.swift */,
				A7BCDBB221C97EBA00E49EEA /* AddEditEmojiTableViewController.swift */,
			);
			path = "View Controllers";
			sourceTree = "<group>";
		};
/* End PBXGroup section */

/* Begin PBXNativeTarget section */
		A7BCDB9421C9443500E49EEA /* EmojiDictionary */ = {
			isa = PBXNativeTarget;
			buildConfigurationList = A7BCDBA721C9443600E49EEA /* Build configuration list for PBXNativeTarget "EmojiDictionary" */;
			buildPhases = (
				A7BCDB9121C9443500E49EEA /* Sources */,
				A7BCDB9221C9443500E49EEA /* Frameworks */,
				A7BCDB9321C9443500E49EEA /* Resources */,
			);
			buildRules = (
			);
			dependencies = (
			);
			name = EmojiDictionary;
			productName = EmojiDictionary;
			productReference = A7BCDB9521C9443500E49EEA /* EmojiDictionary.app */;
			productType = "com.apple.product-type.application";
		};
/* End PBXNativeTarget section */

/* Begin PBXProject section */
		A7BCDB8D21C9443500E49EEA /* Project object */ = {
			isa = PBXProject;
			attributes = {
				LastSwiftUpdateCheck = 1010;
				LastUpgradeCheck = 1010;
				ORGANIZATIONNAME = "Smith, Sam";
				TargetAttributes = {
					A7BCDB9421C9443500E49EEA = {
						CreatedOnToolsVersion = 10.1;
					};
				};
			};
			buildConfigurationList = A7BCDB9021C9443500E49EEA /* Build configuration list for PBXProject "EmojiDictionary" */;
			compatibilityVersion = "Xcode 9.3";
			developmentRegion = en;
			hasScannedForEncodings = 0;
			knownRegions = (
				en,
				Base,
			);
			mainGroup = A7BCDB8C21C9443500E49EEA;
			productRefGroup = A7BCDB9621C9443500E49EEA /* Products */;
			projectDirPath = "";
			projectRoot = "";
			targets = (
				A7BCDB9421C9443500E49EEA /* EmojiDictionary */,
			);
		};
/* End PBXProject section */

/* Begin PBXResourcesBuildPhase section */
		A7BCDB9321C9443500E49EEA /* Resources */ = {
			isa = PBXResourcesBuildPhase;
			buildActionMask = 2147483647;
			files = (
				A7BCDBA321C9443600E49EEA /* LaunchScreen.storyboard in Resources */,
				A7BCDBA021C9443600E49EEA /* Assets.xcassets in Resources */,
				A7BCDB9E21C9443500E49EEA /* Main.storyboard in Resources */,
			);
			runOnlyForDeploymentPostprocessing = 0;
		};
/* End PBXResourcesBuildPhase section */

/* Begin PBXSourcesBuildPhase section */
		A7BCDB9121C9443500E49EEA /* Sources */ = {
			isa = PBXSourcesBuildPhase;
			buildActionMask = 2147483647;
			files = (
				A7BCDBB321C97EBA00E49EEA /* AddEditEmojiTableViewController.swift in Sources */,
				A7BCDBAF21C948C100E49EEA /* EmojiTableTableViewController.swift in Sources */,
				A7BCDBAB21C9447200E49EEA /* Emoji.swift in Sources */,
				A7BCDBB121C9738500E49EEA /* EmojiTableViewCell.swift in Sources */,
				A7BCDB9921C9443500E49EEA /* AppDelegate.swift in Sources */,
			);
			runOnlyForDeploymentPostprocessing = 0;
		};
/* End PBXSourcesBuildPhase section */

/* Begin PBXVariantGroup section */
		A7BCDB9C21C9443500E49EEA /* Main.storyboard */ = {
			isa = PBXVariantGroup;
			children = (
				A7BCDB9D21C9443500E49EEA /* Base */,
			);
			name = Main.storyboard;
			sourceTree = "<group>";
		};
		A7BCDBA121C9443600E49EEA /* LaunchScreen.storyboard */ = {
			isa = PBXVariantGroup;
			children = (
				A7BCDBA221C9443600E49EEA /* Base */,
			);
			name = LaunchScreen.storyboard;
			sourceTree = "<group>";
		};
/* End PBXVariantGroup section */

/* Begin XCBuildConfiguration section */
		A7BCDBA521C9443600E49EEA /* Debug */ = {
			isa = XCBuildConfiguration;
			buildSettings = {
				ALWAYS_SEARCH_USER_PATHS = NO;
				CLANG_ANALYZER_NONNULL = YES;
				CLANG_ANALYZER_NUMBER_OBJECT_CONVERSION = YES_AGGRESSIVE;
				CLANG_CXX_LANGUAGE_STANDARD = "gnu++14";
				CLANG_CXX_LIBRARY = "libc++";
				CLANG_ENABLE_MODULES = YES;
				CLANG_ENABLE_OBJC_ARC = YES;
				CLANG_ENABLE_OBJC_WEAK = YES;
				CLANG_WARN_BLOCK_CAPTURE_AUTORELEASING = YES;
				CLANG_WARN_BOOL_CONVERSION = YES;
				CLANG_WARN_COMMA = YES;
				CLANG_WARN_CONSTANT_CONVERSION = YES;
				CLANG_WARN_DEPRECATED_OBJC_IMPLEMENTATIONS = YES;
				CLANG_WARN_DIRECT_OBJC_ISA_USAGE = YES_ERROR;
				CLANG_WARN_DOCUMENTATION_COMMENTS = YES;
				CLANG_WARN_EMPTY_BODY = YES;
				CLANG_WARN_ENUM_CONVERSION = YES;
				CLANG_WARN_INFINITE_RECURSION = YES;
				CLANG_WARN_INT_CONVERSION = YES;
				CLANG_WARN_NON_LITERAL_NULL_CONVERSION = YES;
				CLANG_WARN_OBJC_IMPLICIT_RETAIN_SELF = YES;
				CLANG_WARN_OBJC_LITERAL_CONVERSION = YES;
				CLANG_WARN_OBJC_ROOT_CLASS = YES_ERROR;
				CLANG_WARN_RANGE_LOOP_ANALYSIS = YES;
				CLANG_WARN_STRICT_PROTOTYPES = YES;
				CLANG_WARN_SUSPICIOUS_MOVE = YES;
				CLANG_WARN_UNGUARDED_AVAILABILITY = YES_AGGRESSIVE;
				CLANG_WARN_UNREACHABLE_CODE = YES;
				CLANG_WARN__DUPLICATE_METHOD_MATCH = YES;
				CODE_SIGN_IDENTITY = "iPhone Developer";
				COPY_PHASE_STRIP = NO;
				DEBUG_INFORMATION_FORMAT = dwarf;
				ENABLE_STRICT_OBJC_MSGSEND = YES;
				ENABLE_TESTABILITY = YES;
				GCC_C_LANGUAGE_STANDARD = gnu11;
				GCC_DYNAMIC_NO_PIC = NO;
				GCC_NO_COMMON_BLOCKS = YES;
				GCC_OPTIMIZATION_LEVEL = 0;
				GCC_PREPROCESSOR_DEFINITIONS = (
					"DEBUG=1",
					"$(inherited)",
				);
				GCC_WARN_64_TO_32_BIT_CONVERSION = YES;
				GCC_WARN_ABOUT_RETURN_TYPE = YES_ERROR;
				GCC_WARN_UNDECLARED_SELECTOR = YES;
				GCC_WARN_UNINITIALIZED_AUTOS = YES_AGGRESSIVE;
				GCC_WARN_UNUSED_FUNCTION = YES;
				GCC_WARN_UNUSED_VARIABLE = YES;
				IPHONEOS_DEPLOYMENT_TARGET = 12.1;
				MTL_ENABLE_DEBUG_INFO = INCLUDE_SOURCE;
				MTL_FAST_MATH = YES;
				ONLY_ACTIVE_ARCH = YES;
				SDKROOT = iphoneos;
				SWIFT_ACTIVE_COMPILATION_CONDITIONS = DEBUG;
				SWIFT_OPTIMIZATION_LEVEL = "-Onone";
			};
			name = Debug;
		};
		A7BCDBA621C9443600E49EEA /* Release */ = {
			isa = XCBuildConfiguration;
			buildSettings = {
				ALWAYS_SEARCH_USER_PATHS = NO;
				CLANG_ANALYZER_NONNULL = YES;
				CLANG_ANALYZER_NUMBER_OBJECT_CONVERSION = YES_AGGRESSIVE;
				CLANG_CXX_LANGUAGE_STANDARD = "gnu++14";
				CLANG_CXX_LIBRARY = "libc++";
				CLANG_ENABLE_MODULES = YES;
				CLANG_ENABLE_OBJC_ARC = YES;
				CLANG_ENABLE_OBJC_WEAK = YES;
				CLANG_WARN_BLOCK_CAPTURE_AUTORELEASING = YES;
				CLANG_WARN_BOOL_CONVERSION = YES;
				CLANG_WARN_COMMA = YES;
				CLANG_WARN_CONSTANT_CONVERSION = YES;
				CLANG_WARN_DEPRECATED_OBJC_IMPLEMENTATIONS = YES;
				CLANG_WARN_DIRECT_OBJC_ISA_USAGE = YES_ERROR;
				CLANG_WARN_DOCUMENTATION_COMMENTS = YES;
				CLANG_WARN_EMPTY_BODY = YES;
				CLANG_WARN_ENUM_CONVERSION = YES;
				CLANG_WARN_INFINITE_RECURSION = YES;
				CLANG_WARN_INT_CONVERSION = YES;
				CLANG_WARN_NON_LITERAL_NULL_CONVERSION = YES;
				CLANG_WARN_OBJC_IMPLICIT_RETAIN_SELF = YES;
				CLANG_WARN_OBJC_LITERAL_CONVERSION = YES;
				CLANG_WARN_OBJC_ROOT_CLASS = YES_ERROR;
				CLANG_WARN_RANGE_LOOP_ANALYSIS = YES;
				CLANG_WARN_STRICT_PROTOTYPES = YES;
				CLANG_WARN_SUSPICIOUS_MOVE = YES;
				CLANG_WARN_UNGUARDED_AVAILABILITY = YES_AGGRESSIVE;
				CLANG_WARN_UNREACHABLE_CODE = YES;
				CLANG_WARN__DUPLICATE_METHOD_MATCH = YES;
				CODE_SIGN_IDENTITY = "iPhone Developer";
				COPY_PHASE_STRIP = NO;
				DEBUG_INFORMATION_FORMAT = "dwarf-with-dsym";
				ENABLE_NS_ASSERTIONS = NO;
				ENABLE_STRICT_OBJC_MSGSEND = YES;
				GCC_C_LANGUAGE_STANDARD = gnu11;
				GCC_NO_COMMON_BLOCKS = YES;
				GCC_WARN_64_TO_32_BIT_CONVERSION = YES;
				GCC_WARN_ABOUT_RETURN_TYPE = YES_ERROR;
				GCC_WARN_UNDECLARED_SELECTOR = YES;
				GCC_WARN_UNINITIALIZED_AUTOS = YES_AGGRESSIVE;
				GCC_WARN_UNUSED_FUNCTION = YES;
				GCC_WARN_UNUSED_VARIABLE = YES;
				IPHONEOS_DEPLOYMENT_TARGET = 12.1;
				MTL_ENABLE_DEBUG_INFO = NO;
				MTL_FAST_MATH = YES;
				SDKROOT = iphoneos;
				SWIFT_COMPILATION_MODE = wholemodule;
				SWIFT_OPTIMIZATION_LEVEL = "-O";
				VALIDATE_PRODUCT = YES;
			};
			name = Release;
		};
		A7BCDBA821C9443600E49EEA /* Debug */ = {
			isa = XCBuildConfiguration;
			buildSettings = {
				ASSETCATALOG_COMPILER_APPICON_NAME = AppIcon;
				CODE_SIGN_STYLE = Automatic;
				DEVELOPMENT_TEAM = 36TX7N82LL;
				INFOPLIST_FILE = EmojiDictionary/Info.plist;
				LD_RUNPATH_SEARCH_PATHS = (
					"$(inherited)",
					"@executable_path/Frameworks",
				);
				PRODUCT_BUNDLE_IDENTIFIER = tech.samuelsmith.EmojiDictionary;
				PRODUCT_NAME = "$(TARGET_NAME)";
				SWIFT_VERSION = 4.2;
				TARGETED_DEVICE_FAMILY = "1,2";
			};
			name = Debug;
		};
		A7BCDBA921C9443600E49EEA /* Release */ = {
			isa = XCBuildConfiguration;
			buildSettings = {
				ASSETCATALOG_COMPILER_APPICON_NAME = AppIcon;
				CODE_SIGN_STYLE = Automatic;
				DEVELOPMENT_TEAM = 36TX7N82LL;
				INFOPLIST_FILE = EmojiDictionary/Info.plist;
				LD_RUNPATH_SEARCH_PATHS = (
					"$(inherited)",
					"@executable_path/Frameworks",
				);
				PRODUCT_BUNDLE_IDENTIFIER = tech.samuelsmith.EmojiDictionary;
				PRODUCT_NAME = "$(TARGET_NAME)";
				SWIFT_VERSION = 4.2;
				TARGETED_DEVICE_FAMILY = "1,2";
			};
			name = Release;
		};
/* End XCBuildConfiguration section */

/* Begin XCConfigurationList section */
		A7BCDB9021C9443500E49EEA /* Build configuration list for PBXProject "EmojiDictionary" */ = {
			isa = XCConfigurationList;
			buildConfigurations = (
				A7BCDBA521C9443600E49EEA /* Debug */,
				A7BCDBA621C9443600E49EEA /* Release */,
			);
			defaultConfigurationIsVisible = 0;
			defaultConfigurationName = Release;
		};
		A7BCDBA721C9443600E49EEA /* Build configuration list for PBXNativeTarget "EmojiDictionary" */ = {
			isa = XCConfigurationList;
			buildConfigurations = (
				A7BCDBA821C9443600E49EEA /* Debug */,
				A7BCDBA921C9443600E49EEA /* Release */,
			);
			defaultConfigurationIsVisible = 0;
			defaultConfigurationName = Release;
		};
/* End XCConfigurationList section */
	};
	rootObject = A7BCDB8D21C9443500E49EEA /* Project object */;
}
